// !$*UTF8*$!
{
	archiveVersion = 1;
	classes = {
	};
	objectVersion = 55;
	objects = {

/* Begin PBXBuildFile section */
		CADD46E7278024EB0051CE46 /* AppDelegate.swift in Sources */ = {isa = PBXBuildFile; fileRef = CADD46E6278024EB0051CE46 /* AppDelegate.swift */; };
		CADD46E9278024EB0051CE46 /* SceneDelegate.swift in Sources */ = {isa = PBXBuildFile; fileRef = CADD46E8278024EB0051CE46 /* SceneDelegate.swift */; };
		CADD46EE278024EB0051CE46 /* Main.storyboard in Resources */ = {isa = PBXBuildFile; fileRef = CADD46EC278024EB0051CE46 /* Main.storyboard */; };
		CADD46F0278024EC0051CE46 /* Assets.xcassets in Resources */ = {isa = PBXBuildFile; fileRef = CADD46EF278024EC0051CE46 /* Assets.xcassets */; };
		CADD46F3278024EC0051CE46 /* LaunchScreen.storyboard in Resources */ = {isa = PBXBuildFile; fileRef = CADD46F1278024EC0051CE46 /* LaunchScreen.storyboard */; };
		CAED11E42780944200133344 /* Authenticator.swift in Sources */ = {isa = PBXBuildFile; fileRef = CAED11E32780944200133344 /* Authenticator.swift */; };
		CAED11E6278095B200133344 /* AuthScreenModels.swift in Sources */ = {isa = PBXBuildFile; fileRef = CAED11E5278095B200133344 /* AuthScreenModels.swift */; };
		CAED11E82780966300133344 /* AuthScreenPresenter.swift in Sources */ = {isa = PBXBuildFile; fileRef = CAED11E72780966300133344 /* AuthScreenPresenter.swift */; };
		CAED11EA2780967C00133344 /* AuthScreenRouter.swift in Sources */ = {isa = PBXBuildFile; fileRef = CAED11E92780967C00133344 /* AuthScreenRouter.swift */; };
		CAED11EC2780983E00133344 /* AuthScreenInteractor.swift in Sources */ = {isa = PBXBuildFile; fileRef = CAED11EB2780983E00133344 /* AuthScreenInteractor.swift */; };
		CAED11EE27809A9E00133344 /* AuthScreenViewController.swift in Sources */ = {isa = PBXBuildFile; fileRef = CAED11ED27809A9E00133344 /* AuthScreenViewController.swift */; };
		CAED11F327809C5800133344 /* HomeScreenViewController.swift in Sources */ = {isa = PBXBuildFile; fileRef = CAED11F227809C5800133344 /* HomeScreenViewController.swift */; };
		CAEE409327815BD4003ED253 /* HomeScreenModels.swift in Sources */ = {isa = PBXBuildFile; fileRef = CAEE409227815BD4003ED253 /* HomeScreenModels.swift */; };
		CAEE409527815C24003ED253 /* HomeScreenRouter.swift in Sources */ = {isa = PBXBuildFile; fileRef = CAEE409427815C24003ED253 /* HomeScreenRouter.swift */; };
		CAEE409727815DC0003ED253 /* HomeScreenPresenter.swift in Sources */ = {isa = PBXBuildFile; fileRef = CAEE409627815DC0003ED253 /* HomeScreenPresenter.swift */; };
		CAEE409927815EB4003ED253 /* HomeScreenInteractor.swift in Sources */ = {isa = PBXBuildFile; fileRef = CAEE409827815EB4003ED253 /* HomeScreenInteractor.swift */; };
		CAEE409C27817170003ED253 /* TestScreenViewController.swift in Sources */ = {isa = PBXBuildFile; fileRef = CAEE409B27817170003ED253 /* TestScreenViewController.swift */; };
		CAEE409E2781718F003ED253 /* TestScreenModels.swift in Sources */ = {isa = PBXBuildFile; fileRef = CAEE409D2781718F003ED253 /* TestScreenModels.swift */; };
		CAEE40A0278171D8003ED253 /* TestScreenInteractor.swift in Sources */ = {isa = PBXBuildFile; fileRef = CAEE409F278171D8003ED253 /* TestScreenInteractor.swift */; };
		CAEE40A227817247003ED253 /* TestScreenPresenter.swift in Sources */ = {isa = PBXBuildFile; fileRef = CAEE40A127817247003ED253 /* TestScreenPresenter.swift */; };
/* End PBXBuildFile section */

/* Begin PBXFileReference section */
		CADD46E3278024EB0051CE46 /* CleanSwiftExample.app */ = {isa = PBXFileReference; explicitFileType = wrapper.application; includeInIndex = 0; path = CleanSwiftExample.app; sourceTree = BUILT_PRODUCTS_DIR; };
		CADD46E6278024EB0051CE46 /* AppDelegate.swift */ = {isa = PBXFileReference; lastKnownFileType = sourcecode.swift; path = AppDelegate.swift; sourceTree = "<group>"; };
		CADD46E8278024EB0051CE46 /* SceneDelegate.swift */ = {isa = PBXFileReference; lastKnownFileType = sourcecode.swift; path = SceneDelegate.swift; sourceTree = "<group>"; };
		CADD46ED278024EB0051CE46 /* Base */ = {isa = PBXFileReference; lastKnownFileType = file.storyboard; name = Base; path = Base.lproj/Main.storyboard; sourceTree = "<group>"; };
		CADD46EF278024EC0051CE46 /* Assets.xcassets */ = {isa = PBXFileReference; lastKnownFileType = folder.assetcatalog; path = Assets.xcassets; sourceTree = "<group>"; };
		CADD46F2278024EC0051CE46 /* Base */ = {isa = PBXFileReference; lastKnownFileType = file.storyboard; name = Base; path = Base.lproj/LaunchScreen.storyboard; sourceTree = "<group>"; };
		CADD46F4278024EC0051CE46 /* Info.plist */ = {isa = PBXFileReference; lastKnownFileType = text.plist.xml; path = Info.plist; sourceTree = "<group>"; };
		CAED11E32780944200133344 /* Authenticator.swift */ = {isa = PBXFileReference; lastKnownFileType = sourcecode.swift; path = Authenticator.swift; sourceTree = "<group>"; };
		CAED11E5278095B200133344 /* AuthScreenModels.swift */ = {isa = PBXFileReference; lastKnownFileType = sourcecode.swift; path = AuthScreenModels.swift; sourceTree = "<group>"; };
		CAED11E72780966300133344 /* AuthScreenPresenter.swift */ = {isa = PBXFileReference; lastKnownFileType = sourcecode.swift; path = AuthScreenPresenter.swift; sourceTree = "<group>"; };
		CAED11E92780967C00133344 /* AuthScreenRouter.swift */ = {isa = PBXFileReference; lastKnownFileType = sourcecode.swift; path = AuthScreenRouter.swift; sourceTree = "<group>"; };
		CAED11EB2780983E00133344 /* AuthScreenInteractor.swift */ = {isa = PBXFileReference; lastKnownFileType = sourcecode.swift; path = AuthScreenInteractor.swift; sourceTree = "<group>"; };
		CAED11ED27809A9E00133344 /* AuthScreenViewController.swift */ = {isa = PBXFileReference; lastKnownFileType = sourcecode.swift; path = AuthScreenViewController.swift; sourceTree = "<group>"; };
		CAED11F227809C5800133344 /* HomeScreenViewController.swift */ = {isa = PBXFileReference; lastKnownFileType = sourcecode.swift; path = HomeScreenViewController.swift; sourceTree = "<group>"; };
		CAEE409227815BD4003ED253 /* HomeScreenModels.swift */ = {isa = PBXFileReference; lastKnownFileType = sourcecode.swift; path = HomeScreenModels.swift; sourceTree = "<group>"; };
		CAEE409427815C24003ED253 /* HomeScreenRouter.swift */ = {isa = PBXFileReference; lastKnownFileType = sourcecode.swift; path = HomeScreenRouter.swift; sourceTree = "<group>"; };
		CAEE409627815DC0003ED253 /* HomeScreenPresenter.swift */ = {isa = PBXFileReference; lastKnownFileType = sourcecode.swift; path = HomeScreenPresenter.swift; sourceTree = "<group>"; };
		CAEE409827815EB4003ED253 /* HomeScreenInteractor.swift */ = {isa = PBXFileReference; lastKnownFileType = sourcecode.swift; path = HomeScreenInteractor.swift; sourceTree = "<group>"; };
		CAEE409B27817170003ED253 /* TestScreenViewController.swift */ = {isa = PBXFileReference; lastKnownFileType = sourcecode.swift; path = TestScreenViewController.swift; sourceTree = "<group>"; };
		CAEE409D2781718F003ED253 /* TestScreenModels.swift */ = {isa = PBXFileReference; lastKnownFileType = sourcecode.swift; path = TestScreenModels.swift; sourceTree = "<group>"; };
		CAEE409F278171D8003ED253 /* TestScreenInteractor.swift */ = {isa = PBXFileReference; lastKnownFileType = sourcecode.swift; path = TestScreenInteractor.swift; sourceTree = "<group>"; };
		CAEE40A127817247003ED253 /* TestScreenPresenter.swift */ = {isa = PBXFileReference; lastKnownFileType = sourcecode.swift; path = TestScreenPresenter.swift; sourceTree = "<group>"; };
/* End PBXFileReference section */

/* Begin PBXFrameworksBuildPhase section */
		CADD46E0278024EB0051CE46 /* Frameworks */ = {
			isa = PBXFrameworksBuildPhase;
			buildActionMask = 2147483647;
			files = (
			);
			runOnlyForDeploymentPostprocessing = 0;
		};
/* End PBXFrameworksBuildPhase section */

/* Begin PBXGroup section */
		CADD46DA278024EB0051CE46 = {
			isa = PBXGroup;
			children = (
				CADD46E5278024EB0051CE46 /* CleanSwiftExample */,
				CADD46E4278024EB0051CE46 /* Products */,
			);
			sourceTree = "<group>";
		};
		CADD46E4278024EB0051CE46 /* Products */ = {
			isa = PBXGroup;
			children = (
				CADD46E3278024EB0051CE46 /* CleanSwiftExample.app */,
			);
			name = Products;
			sourceTree = "<group>";
		};
		CADD46E5278024EB0051CE46 /* CleanSwiftExample */ = {
			isa = PBXGroup;
			children = (
				CADD46E6278024EB0051CE46 /* AppDelegate.swift */,
				CADD46E8278024EB0051CE46 /* SceneDelegate.swift */,
				CAED11D227808D5500133344 /* Configuration */,
				CAED11D127808D4B00133344 /* Resources */,
				CAED11D327808DA600133344 /* Scenes */,
				CAED11E22780907E00133344 /* Shared */,
				CAED11D027808D3C00133344 /* Storyboards */,
			);
			path = CleanSwiftExample;
			sourceTree = "<group>";
		};
		CAED11D027808D3C00133344 /* Storyboards */ = {
			isa = PBXGroup;
			children = (
				CADD46EC278024EB0051CE46 /* Main.storyboard */,
				CADD46F1278024EC0051CE46 /* LaunchScreen.storyboard */,
			);
			path = Storyboards;
			sourceTree = "<group>";
		};
		CAED11D127808D4B00133344 /* Resources */ = {
			isa = PBXGroup;
			children = (
				CADD46EF278024EC0051CE46 /* Assets.xcassets */,
			);
			path = Resources;
			sourceTree = "<group>";
		};
		CAED11D227808D5500133344 /* Configuration */ = {
			isa = PBXGroup;
			children = (
				CADD46F4278024EC0051CE46 /* Info.plist */,
			);
			path = Configuration;
			sourceTree = "<group>";
		};
		CAED11D327808DA600133344 /* Scenes */ = {
			isa = PBXGroup;
			children = (
				CAEE409A27817157003ED253 /* TestScreen */,
				CAED11E127808F7D00133344 /* AuthScreen */,
				CAED11EF27809C1400133344 /* HomeScreen */,
			);
			path = Scenes;
			sourceTree = "<group>";
		};
		CAED11E127808F7D00133344 /* AuthScreen */ = {
			isa = PBXGroup;
			children = (
				CAED11E5278095B200133344 /* AuthScreenModels.swift */,
				CAED11E92780967C00133344 /* AuthScreenRouter.swift */,
				CAED11E72780966300133344 /* AuthScreenPresenter.swift */,
				CAED11ED27809A9E00133344 /* AuthScreenViewController.swift */,
				CAED11EB2780983E00133344 /* AuthScreenInteractor.swift */,
			);
			path = AuthScreen;
			sourceTree = "<group>";
		};
		CAED11E22780907E00133344 /* Shared */ = {
			isa = PBXGroup;
			children = (
				CAED11E32780944200133344 /* Authenticator.swift */,
			);
			path = Shared;
			sourceTree = "<group>";
		};
		CAED11EF27809C1400133344 /* HomeScreen */ = {
			isa = PBXGroup;
			children = (
				CAEE409227815BD4003ED253 /* HomeScreenModels.swift */,
				CAEE409427815C24003ED253 /* HomeScreenRouter.swift */,
				CAEE409627815DC0003ED253 /* HomeScreenPresenter.swift */,
				CAED11F227809C5800133344 /* HomeScreenViewController.swift */,
				CAEE409827815EB4003ED253 /* HomeScreenInteractor.swift */,
			);
			path = HomeScreen;
			sourceTree = "<group>";
		};
		CAEE409A27817157003ED253 /* TestScreen */ = {
			isa = PBXGroup;
			children = (
				CAEE409D2781718F003ED253 /* TestScreenModels.swift */,
				CAEE409F278171D8003ED253 /* TestScreenInteractor.swift */,
				CAEE409B27817170003ED253 /* TestScreenViewController.swift */,
				CAEE40A127817247003ED253 /* TestScreenPresenter.swift */,
			);
			path = TestScreen;
			sourceTree = "<group>";
		};
/* End PBXGroup section */

/* Begin PBXNativeTarget section */
		CADD46E2278024EB0051CE46 /* CleanSwiftExample */ = {
			isa = PBXNativeTarget;
			buildConfigurationList = CADD46F7278024EC0051CE46 /* Build configuration list for PBXNativeTarget "CleanSwiftExample" */;
			buildPhases = (
				CADD46DF278024EB0051CE46 /* Sources */,
				CADD46E0278024EB0051CE46 /* Frameworks */,
				CADD46E1278024EB0051CE46 /* Resources */,
			);
			buildRules = (
			);
			dependencies = (
			);
			name = CleanSwiftExample;
			productName = CleanSwiftExample;
			productReference = CADD46E3278024EB0051CE46 /* CleanSwiftExample.app */;
			productType = "com.apple.product-type.application";
		};
/* End PBXNativeTarget section */

/* Begin PBXProject section */
		CADD46DB278024EB0051CE46 /* Project object */ = {
			isa = PBXProject;
			attributes = {
				BuildIndependentTargetsInParallel = 1;
				LastSwiftUpdateCheck = 1310;
				LastUpgradeCheck = 1310;
				TargetAttributes = {
					CADD46E2278024EB0051CE46 = {
						CreatedOnToolsVersion = 13.1;
					};
				};
			};
			buildConfigurationList = CADD46DE278024EB0051CE46 /* Build configuration list for PBXProject "CleanSwiftExample" */;
			compatibilityVersion = "Xcode 13.0";
			developmentRegion = en;
			hasScannedForEncodings = 0;
			knownRegions = (
				en,
				Base,
			);
			mainGroup = CADD46DA278024EB0051CE46;
			productRefGroup = CADD46E4278024EB0051CE46 /* Products */;
			projectDirPath = "";
			projectRoot = "";
			targets = (
				CADD46E2278024EB0051CE46 /* CleanSwiftExample */,
			);
		};
/* End PBXProject section */

/* Begin PBXResourcesBuildPhase section */
		CADD46E1278024EB0051CE46 /* Resources */ = {
			isa = PBXResourcesBuildPhase;
			buildActionMask = 2147483647;
			files = (
				CADD46F3278024EC0051CE46 /* LaunchScreen.storyboard in Resources */,
				CADD46F0278024EC0051CE46 /* Assets.xcassets in Resources */,
				CADD46EE278024EB0051CE46 /* Main.storyboard in Resources */,
			);
			runOnlyForDeploymentPostprocessing = 0;
		};
/* End PBXResourcesBuildPhase section */

/* Begin PBXSourcesBuildPhase section */
		CADD46DF278024EB0051CE46 /* Sources */ = {
			isa = PBXSourcesBuildPhase;
			buildActionMask = 2147483647;
			files = (
				CAEE40A0278171D8003ED253 /* TestScreenInteractor.swift in Sources */,
				CAEE409C27817170003ED253 /* TestScreenViewController.swift in Sources */,
				CAEE40A227817247003ED253 /* TestScreenPresenter.swift in Sources */,
				CAED11EA2780967C00133344 /* AuthScreenRouter.swift in Sources */,
				CAEE409727815DC0003ED253 /* HomeScreenPresenter.swift in Sources */,
				CAEE409527815C24003ED253 /* HomeScreenRouter.swift in Sources */,
				CADD46E7278024EB0051CE46 /* AppDelegate.swift in Sources */,
				CAED11EE27809A9E00133344 /* AuthScreenViewController.swift in Sources */,
				CADD46E9278024EB0051CE46 /* SceneDelegate.swift in Sources */,
				CAEE409327815BD4003ED253 /* HomeScreenModels.swift in Sources */,
				CAED11E42780944200133344 /* Authenticator.swift in Sources */,
				CAED11F327809C5800133344 /* HomeScreenViewController.swift in Sources */,
				CAED11EC2780983E00133344 /* AuthScreenInteractor.swift in Sources */,
				CAED11E6278095B200133344 /* AuthScreenModels.swift in Sources */,
				CAEE409927815EB4003ED253 /* HomeScreenInteractor.swift in Sources */,
				CAEE409E2781718F003ED253 /* TestScreenModels.swift in Sources */,
				CAED11E82780966300133344 /* AuthScreenPresenter.swift in Sources */,
			);
			runOnlyForDeploymentPostprocessing = 0;
		};
/* End PBXSourcesBuildPhase section */

/* Begin PBXVariantGroup section */
		CADD46EC278024EB0051CE46 /* Main.storyboard */ = {
			isa = PBXVariantGroup;
			children = (
				CADD46ED278024EB0051CE46 /* Base */,
			);
			name = Main.storyboard;
			sourceTree = "<group>";
		};
		CADD46F1278024EC0051CE46 /* LaunchScreen.storyboard */ = {
			isa = PBXVariantGroup;
			children = (
				CADD46F2278024EC0051CE46 /* Base */,
			);
			name = LaunchScreen.storyboard;
			sourceTree = "<group>";
		};
/* End PBXVariantGroup section */

/* Begin XCBuildConfiguration section */
		CADD46F5278024EC0051CE46 /* Debug */ = {
			isa = XCBuildConfiguration;
			buildSettings = {
				ALWAYS_SEARCH_USER_PATHS = NO;
				CLANG_ANALYZER_NONNULL = YES;
				CLANG_ANALYZER_NUMBER_OBJECT_CONVERSION = YES_AGGRESSIVE;
				CLANG_CXX_LANGUAGE_STANDARD = "gnu++17";
				CLANG_CXX_LIBRARY = "libc++";
				CLANG_ENABLE_MODULES = YES;
				CLANG_ENABLE_OBJC_ARC = YES;
				CLANG_ENABLE_OBJC_WEAK = YES;
				CLANG_WARN_BLOCK_CAPTURE_AUTORELEASING = YES;
				CLANG_WARN_BOOL_CONVERSION = YES;
				CLANG_WARN_COMMA = YES;
				CLANG_WARN_CONSTANT_CONVERSION = YES;
				CLANG_WARN_DEPRECATED_OBJC_IMPLEMENTATIONS = YES;
				CLANG_WARN_DIRECT_OBJC_ISA_USAGE = YES_ERROR;
				CLANG_WARN_DOCUMENTATION_COMMENTS = YES;
				CLANG_WARN_EMPTY_BODY = YES;
				CLANG_WARN_ENUM_CONVERSION = YES;
				CLANG_WARN_INFINITE_RECURSION = YES;
				CLANG_WARN_INT_CONVERSION = YES;
				CLANG_WARN_NON_LITERAL_NULL_CONVERSION = YES;
				CLANG_WARN_OBJC_IMPLICIT_RETAIN_SELF = YES;
				CLANG_WARN_OBJC_LITERAL_CONVERSION = YES;
				CLANG_WARN_OBJC_ROOT_CLASS = YES_ERROR;
				CLANG_WARN_QUOTED_INCLUDE_IN_FRAMEWORK_HEADER = YES;
				CLANG_WARN_RANGE_LOOP_ANALYSIS = YES;
				CLANG_WARN_STRICT_PROTOTYPES = YES;
				CLANG_WARN_SUSPICIOUS_MOVE = YES;
				CLANG_WARN_UNGUARDED_AVAILABILITY = YES_AGGRESSIVE;
				CLANG_WARN_UNREACHABLE_CODE = YES;
				CLANG_WARN__DUPLICATE_METHOD_MATCH = YES;
				COPY_PHASE_STRIP = NO;
				DEBUG_INFORMATION_FORMAT = dwarf;
				ENABLE_STRICT_OBJC_MSGSEND = YES;
				ENABLE_TESTABILITY = YES;
				GCC_C_LANGUAGE_STANDARD = gnu11;
				GCC_DYNAMIC_NO_PIC = NO;
				GCC_NO_COMMON_BLOCKS = YES;
				GCC_OPTIMIZATION_LEVEL = 0;
				GCC_PREPROCESSOR_DEFINITIONS = (
					"DEBUG=1",
					"$(inherited)",
				);
				GCC_WARN_64_TO_32_BIT_CONVERSION = YES;
				GCC_WARN_ABOUT_RETURN_TYPE = YES_ERROR;
				GCC_WARN_UNDECLARED_SELECTOR = YES;
				GCC_WARN_UNINITIALIZED_AUTOS = YES_AGGRESSIVE;
				GCC_WARN_UNUSED_FUNCTION = YES;
				GCC_WARN_UNUSED_VARIABLE = YES;
				IPHONEOS_DEPLOYMENT_TARGET = 15.0;
				MTL_ENABLE_DEBUG_INFO = INCLUDE_SOURCE;
				MTL_FAST_MATH = YES;
				ONLY_ACTIVE_ARCH = YES;
				SDKROOT = iphoneos;
				SWIFT_ACTIVE_COMPILATION_CONDITIONS = DEBUG;
				SWIFT_OPTIMIZATION_LEVEL = "-Onone";
			};
			name = Debug;
		};
		CADD46F6278024EC0051CE46 /* Release */ = {
			isa = XCBuildConfiguration;
			buildSettings = {
				ALWAYS_SEARCH_USER_PATHS = NO;
				CLANG_ANALYZER_NONNULL = YES;
				CLANG_ANALYZER_NUMBER_OBJECT_CONVERSION = YES_AGGRESSIVE;
				CLANG_CXX_LANGUAGE_STANDARD = "gnu++17";
				CLANG_CXX_LIBRARY = "libc++";
				CLANG_ENABLE_MODULES = YES;
				CLANG_ENABLE_OBJC_ARC = YES;
				CLANG_ENABLE_OBJC_WEAK = YES;
				CLANG_WARN_BLOCK_CAPTURE_AUTORELEASING = YES;
				CLANG_WARN_BOOL_CONVERSION = YES;
				CLANG_WARN_COMMA = YES;
				CLANG_WARN_CONSTANT_CONVERSION = YES;
				CLANG_WARN_DEPRECATED_OBJC_IMPLEMENTATIONS = YES;
				CLANG_WARN_DIRECT_OBJC_ISA_USAGE = YES_ERROR;
				CLANG_WARN_DOCUMENTATION_COMMENTS = YES;
				CLANG_WARN_EMPTY_BODY = YES;
				CLANG_WARN_ENUM_CONVERSION = YES;
				CLANG_WARN_INFINITE_RECURSION = YES;
				CLANG_WARN_INT_CONVERSION = YES;
				CLANG_WARN_NON_LITERAL_NULL_CONVERSION = YES;
				CLANG_WARN_OBJC_IMPLICIT_RETAIN_SELF = YES;
				CLANG_WARN_OBJC_LITERAL_CONVERSION = YES;
				CLANG_WARN_OBJC_ROOT_CLASS = YES_ERROR;
				CLANG_WARN_QUOTED_INCLUDE_IN_FRAMEWORK_HEADER = YES;
				CLANG_WARN_RANGE_LOOP_ANALYSIS = YES;
				CLANG_WARN_STRICT_PROTOTYPES = YES;
				CLANG_WARN_SUSPICIOUS_MOVE = YES;
				CLANG_WARN_UNGUARDED_AVAILABILITY = YES_AGGRESSIVE;
				CLANG_WARN_UNREACHABLE_CODE = YES;
				CLANG_WARN__DUPLICATE_METHOD_MATCH = YES;
				COPY_PHASE_STRIP = NO;
				DEBUG_INFORMATION_FORMAT = "dwarf-with-dsym";
				ENABLE_NS_ASSERTIONS = NO;
				ENABLE_STRICT_OBJC_MSGSEND = YES;
				GCC_C_LANGUAGE_STANDARD = gnu11;
				GCC_NO_COMMON_BLOCKS = YES;
				GCC_WARN_64_TO_32_BIT_CONVERSION = YES;
				GCC_WARN_ABOUT_RETURN_TYPE = YES_ERROR;
				GCC_WARN_UNDECLARED_SELECTOR = YES;
				GCC_WARN_UNINITIALIZED_AUTOS = YES_AGGRESSIVE;
				GCC_WARN_UNUSED_FUNCTION = YES;
				GCC_WARN_UNUSED_VARIABLE = YES;
				IPHONEOS_DEPLOYMENT_TARGET = 15.0;
				MTL_ENABLE_DEBUG_INFO = NO;
				MTL_FAST_MATH = YES;
				SDKROOT = iphoneos;
				SWIFT_COMPILATION_MODE = wholemodule;
				SWIFT_OPTIMIZATION_LEVEL = "-O";
				VALIDATE_PRODUCT = YES;
			};
			name = Release;
		};
		CADD46F8278024EC0051CE46 /* Debug */ = {
			isa = XCBuildConfiguration;
			buildSettings = {
				ASSETCATALOG_COMPILER_APPICON_NAME = AppIcon;
				ASSETCATALOG_COMPILER_GLOBAL_ACCENT_COLOR_NAME = AccentColor;
				CODE_SIGN_STYLE = Automatic;
				CURRENT_PROJECT_VERSION = 1;
				DEVELOPMENT_TEAM = 4NK62H99X6;
				GENERATE_INFOPLIST_FILE = YES;
				INFOPLIST_FILE = CleanSwiftExample/Configuration/Info.plist;
				INFOPLIST_KEY_UIApplicationSupportsIndirectInputEvents = YES;
				INFOPLIST_KEY_UILaunchStoryboardName = LaunchScreen;
				INFOPLIST_KEY_UIMainStoryboardFile = Main;
				INFOPLIST_KEY_UISupportedInterfaceOrientations_iPad = "UIInterfaceOrientationPortrait UIInterfaceOrientationPortraitUpsideDown UIInterfaceOrientationLandscapeLeft UIInterfaceOrientationLandscapeRight";
				INFOPLIST_KEY_UISupportedInterfaceOrientations_iPhone = "UIInterfaceOrientationPortrait UIInterfaceOrientationLandscapeLeft UIInterfaceOrientationLandscapeRight";
				LD_RUNPATH_SEARCH_PATHS = (
					"$(inherited)",
					"@executable_path/Frameworks",
				);
				MARKETING_VERSION = 1.0;
				PRODUCT_BUNDLE_IDENTIFIER = com.jareksedy.CleanSwiftExample;
				PRODUCT_NAME = "$(TARGET_NAME)";
				SWIFT_EMIT_LOC_STRINGS = YES;
				SWIFT_VERSION = 5.0;
				TARGETED_DEVICE_FAMILY = "1,2";
			};
			name = Debug;
		};
		CADD46F9278024EC0051CE46 /* Release */ = {
			isa = XCBuildConfiguration;
			buildSettings = {
				ASSETCATALOG_COMPILER_APPICON_NAME = AppIcon;
				ASSETCATALOG_COMPILER_GLOBAL_ACCENT_COLOR_NAME = AccentColor;
				CODE_SIGN_STYLE = Automatic;
				CURRENT_PROJECT_VERSION = 1;
				DEVELOPMENT_TEAM = 4NK62H99X6;
				GENERATE_INFOPLIST_FILE = YES;
				INFOPLIST_FILE = CleanSwiftExample/Configuration/Info.plist;
				INFOPLIST_KEY_UIApplicationSupportsIndirectInputEvents = YES;
				INFOPLIST_KEY_UILaunchStoryboardName = LaunchScreen;
				INFOPLIST_KEY_UIMainStoryboardFile = Main;
				INFOPLIST_KEY_UISupportedInterfaceOrientations_iPad = "UIInterfaceOrientationPortrait UIInterfaceOrientationPortraitUpsideDown UIInterfaceOrientationLandscapeLeft UIInterfaceOrientationLandscapeRight";
				INFOPLIST_KEY_UISupportedInterfaceOrientations_iPhone = "UIInterfaceOrientationPortrait UIInterfaceOrientationLandscapeLeft UIInterfaceOrientationLandscapeRight";
				LD_RUNPATH_SEARCH_PATHS = (
					"$(inherited)",
					"@executable_path/Frameworks",
				);
				MARKETING_VERSION = 1.0;
				PRODUCT_BUNDLE_IDENTIFIER = com.jareksedy.CleanSwiftExample;
				PRODUCT_NAME = "$(TARGET_NAME)";
				SWIFT_EMIT_LOC_STRINGS = YES;
				SWIFT_VERSION = 5.0;
				TARGETED_DEVICE_FAMILY = "1,2";
			};
			name = Release;
		};
/* End XCBuildConfiguration section */

/* Begin XCConfigurationList section */
		CADD46DE278024EB0051CE46 /* Build configuration list for PBXProject "CleanSwiftExample" */ = {
			isa = XCConfigurationList;
			buildConfigurations = (
				CADD46F5278024EC0051CE46 /* Debug */,
				CADD46F6278024EC0051CE46 /* Release */,
			);
			defaultConfigurationIsVisible = 0;
			defaultConfigurationName = Release;
		};
		CADD46F7278024EC0051CE46 /* Build configuration list for PBXNativeTarget "CleanSwiftExample" */ = {
			isa = XCConfigurationList;
			buildConfigurations = (
				CADD46F8278024EC0051CE46 /* Debug */,
				CADD46F9278024EC0051CE46 /* Release */,
			);
			defaultConfigurationIsVisible = 0;
			defaultConfigurationName = Release;
		};
/* End XCConfigurationList section */
	};
	rootObject = CADD46DB278024EB0051CE46 /* Project object */;
}
